
Microsoft Visual Studio Solution File, Format Version 12.00
# Visual Studio 15
Project("{FAE04EC0-301F-11D3-BF4B-00C04F79EFBC}") = "GridSample.Android", "GridSample.Android\GridSample.Android.csproj", "{983D93B0-25DF-40FB-BC88-1F4E533D9BFE}"
EndProject
Project("{FAE04EC0-301F-11D3-BF4B-00C04F79EFBC}") = "GridSample.iOS", "GridSample.iOS\GridSample.iOS.csproj", "{602CD5C3-5397-4420-B042-3364F49674A9}"
EndProject
Project("{D954291E-2A0B-460D-934E-DC6B0785DB48}") = "GridSample", "GridSample\GridSample.shproj", "{380146FD-2185-499F-BD30-CA9F0B653ED4}"
EndProject
Global
	GlobalSection(SolutionConfigurationPlatforms) = preSolution
		Debug|Any CPU = Debug|Any CPU
		Release|Any CPU = Release|Any CPU
		Debug|iPhoneSimulator = Debug|iPhoneSimulator
		Release|iPhoneSimulator = Release|iPhoneSimulator
		Debug|iPhone = Debug|iPhone
		Release|iPhone = Release|iPhone
		Ad-Hoc|iPhone = Ad-Hoc|iPhone
		AppStore|iPhone = AppStore|iPhone
	EndGlobalSection
	GlobalSection(ProjectConfigurationPlatforms) = postSolution
		{983D93B0-25DF-40FB-BC88-1F4E533D9BFE}.Debug|Any CPU.ActiveCfg = Debug|Any CPU
		{983D93B0-25DF-40FB-BC88-1F4E533D9BFE}.Debug|Any CPU.Build.0 = Debug|Any CPU
		{983D93B0-25DF-40FB-BC88-1F4E533D9BFE}.Release|Any CPU.ActiveCfg = Release|Any CPU
		{983D93B0-25DF-40FB-BC88-1F4E533D9BFE}.Release|Any CPU.Build.0 = Release|Any CPU
		{983D93B0-25DF-40FB-BC88-1F4E533D9BFE}.Debug|iPhoneSimulator.ActiveCfg = Debug|Any CPU
		{983D93B0-25DF-40FB-BC88-1F4E533D9BFE}.Debug|iPhoneSimulator.Build.0 = Debug|Any CPU
		{983D93B0-25DF-40FB-BC88-1F4E533D9BFE}.Release|iPhoneSimulator.ActiveCfg = Release|Any CPU
		{983D93B0-25DF-40FB-BC88-1F4E533D9BFE}.Release|iPhoneSimulator.Build.0 = Release|Any CPU
		{983D93B0-25DF-40FB-BC88-1F4E533D9BFE}.Debug|iPhone.ActiveCfg = Debug|Any CPU
		{983D93B0-25DF-40FB-BC88-1F4E533D9BFE}.Debug|iPhone.Build.0 = Debug|Any CPU
		{983D93B0-25DF-40FB-BC88-1F4E533D9BFE}.Release|iPhone.ActiveCfg = Release|Any CPU
		{983D93B0-25DF-40FB-BC88-1F4E533D9BFE}.Release|iPhone.Build.0 = Release|Any CPU
		{983D93B0-25DF-40FB-BC88-1F4E533D9BFE}.Ad-Hoc|iPhone.ActiveCfg = Debug|Any CPU
		{983D93B0-25DF-40FB-BC88-1F4E533D9BFE}.Ad-Hoc|iPhone.Build.0 = Debug|Any CPU
		{983D93B0-25DF-40FB-BC88-1F4E533D9BFE}.AppStore|iPhone.ActiveCfg = Debug|Any CPU
		{983D93B0-25DF-40FB-BC88-1F4E533D9BFE}.AppStore|iPhone.Build.0 = Debug|Any CPU
		{602CD5C3-5397-4420-B042-3364F49674A9}.Debug|Any CPU.ActiveCfg = Debug|iPhoneSimulator
		{602CD5C3-5397-4420-B042-3364F49674A9}.Debug|Any CPU.Build.0 = Debug|iPhoneSimulator
		{602CD5C3-5397-4420-B042-3364F49674A9}.Release|Any CPU.ActiveCfg = Release|iPhoneSimulator
		{602CD5C3-5397-4420-B042-3364F49674A9}.Release|Any CPU.Build.0 = Release|iPhoneSimulator
		{602CD5C3-5397-4420-B042-3364F49674A9}.Debug|iPhoneSimulator.ActiveCfg = Debug|iPhoneSimulator
		{602CD5C3-5397-4420-B042-3364F49674A9}.Debug|iPhoneSimulator.Build.0 = Debug|iPhoneSimulator
		{602CD5C3-5397-4420-B042-3364F49674A9}.Release|iPhoneSimulator.ActiveCfg = Release|iPhoneSimulator
		{602CD5C3-5397-4420-B042-3364F49674A9}.Release|iPhoneSimulator.Build.0 = Release|iPhoneSimulator
		{602CD5C3-5397-4420-B042-3364F49674A9}.Debug|iPhone.ActiveCfg = Debug|iPhone
		{602CD5C3-5397-4420-B042-3364F49674A9}.Debug|iPhone.Build.0 = Debug|iPhone
		{602CD5C3-5397-4420-B042-3364F49674A9}.Release|iPhone.ActiveCfg = Release|iPhone
		{602CD5C3-5397-4420-B042-3364F49674A9}.Release|iPhone.Build.0 = Release|iPhone
		{602CD5C3-5397-4420-B042-3364F49674A9}.Ad-Hoc|iPhone.ActiveCfg = Ad-Hoc|iPhone
		{602CD5C3-5397-4420-B042-3364F49674A9}.Ad-Hoc|iPhone.Build.0 = Ad-Hoc|iPhone
		{602CD5C3-5397-4420-B042-3364F49674A9}.AppStore|iPhone.ActiveCfg = AppStore|iPhone
		{602CD5C3-5397-4420-B042-3364F49674A9}.AppStore|iPhone.Build.0 = AppStore|iPhone
	EndGlobalSection
EndGlobal
